
Microsoft Visual Studio Solution File, Format Version 12.00
# Visual Studio Version 17
VisualStudioVersion = 17.0.31903.59
MinimumVisualStudioVersion = 10.0.40219.1
Project("{2150E333-8FDC-42A3-9474-1A3956D46DE8}") = "8", "8", "{72372481-6BA0-4916-B5B3-1BB888B47282}"
EndProject
Project("{FAE04EC0-301F-11D3-BF4B-00C04F79EFBC}") = "Resources", "8\Resources\Resources.csproj", "{F5A38D15-B2F6-4255-8EB0-B9028A3F9F27}"
EndProject
Global
	GlobalSection(SolutionConfigurationPlatforms) = preSolution
		Debug|Any CPU = Debug|Any CPU
		Release|Any CPU = Release|Any CPU
	EndGlobalSection
	GlobalSection(SolutionProperties) = preSolution
		HideSolutionNode = FALSE
	EndGlobalSection
	GlobalSection(ProjectConfigurationPlatforms) = postSolution
		{F5A38D15-B2F6-4255-8EB0-B9028A3F9F27}.Debug|Any CPU.ActiveCfg = Debug|Any CPU
		{F5A38D15-B2F6-4255-8EB0-B9028A3F9F27}.Debug|Any CPU.Build.0 = Debug|Any CPU
		{F5A38D15-B2F6-4255-8EB0-B9028A3F9F27}.Release|Any CPU.ActiveCfg = Release|Any CPU
		{F5A38D15-B2F6-4255-8EB0-B9028A3F9F27}.Release|Any CPU.Build.0 = Release|Any CPU
	EndGlobalSection
	GlobalSection(NestedProjects) = preSolution
		{F5A38D15-B2F6-4255-8EB0-B9028A3F9F27} = {72372481-6BA0-4916-B5B3-1BB888B47282}
	EndGlobalSection
EndGlobal
