
Microsoft Visual Studio Solution File, Format Version 12.00
# Visual Studio Version 17
VisualStudioVersion = 17.5.002.0
MinimumVisualStudioVersion = 10.0.40219.1
Project("{9A19103F-16F7-4668-BE54-9A1E7A4F7556}") = "SpaceInFilesCounter", "SpaceInFilesCounter.csproj", "{1FBCD562-B6F0-4EC0-ACDF-38D8B2DC0CDF}"
EndProject
Global
	GlobalSection(SolutionConfigurationPlatforms) = preSolution
		Debug|Any CPU = Debug|Any CPU
		Release|Any CPU = Release|Any CPU
	EndGlobalSection
	GlobalSection(ProjectConfigurationPlatforms) = postSolution
		{1FBCD562-B6F0-4EC0-ACDF-38D8B2DC0CDF}.Debug|Any CPU.ActiveCfg = Debug|Any CPU
		{1FBCD562-B6F0-4EC0-ACDF-38D8B2DC0CDF}.Debug|Any CPU.Build.0 = Debug|Any CPU
		{1FBCD562-B6F0-4EC0-ACDF-38D8B2DC0CDF}.Release|Any CPU.ActiveCfg = Release|Any CPU
		{1FBCD562-B6F0-4EC0-ACDF-38D8B2DC0CDF}.Release|Any CPU.Build.0 = Release|Any CPU
	EndGlobalSection
	GlobalSection(SolutionProperties) = preSolution
		HideSolutionNode = FALSE
	EndGlobalSection
	GlobalSection(ExtensibilityGlobals) = postSolution
		SolutionGuid = {98FA941D-3C02-43B4-81C1-53FF35430989}
	EndGlobalSection
EndGlobal
