
Microsoft Visual Studio Solution File, Format Version 12.00
# Visual Studio Version 17
VisualStudioVersion = 17.0.31903.59
MinimumVisualStudioVersion = 10.0.40219.1
Project("{FAE04EC0-301F-11D3-BF4B-00C04F79EFBC}") = "CollectionMaxItem", "CollectionMaxItem\CollectionMaxItem.csproj", "{54916FA0-C6F7-4726-A625-8AC43EEAF7E2}"
EndProject
Project("{FAE04EC0-301F-11D3-BF4B-00C04F79EFBC}") = "Homework5", "Homework5\Homework5.csproj", "{BC911DB2-D3F0-41CA-B8A0-0C9D5FB8F11A}"
EndProject
Global
	GlobalSection(SolutionConfigurationPlatforms) = preSolution
		Debug|Any CPU = Debug|Any CPU
		Release|Any CPU = Release|Any CPU
	EndGlobalSection
	GlobalSection(ProjectConfigurationPlatforms) = postSolution
		{54916FA0-C6F7-4726-A625-8AC43EEAF7E2}.Debug|Any CPU.ActiveCfg = Debug|Any CPU
		{54916FA0-C6F7-4726-A625-8AC43EEAF7E2}.Debug|Any CPU.Build.0 = Debug|Any CPU
		{54916FA0-C6F7-4726-A625-8AC43EEAF7E2}.Release|Any CPU.ActiveCfg = Release|Any CPU
		{54916FA0-C6F7-4726-A625-8AC43EEAF7E2}.Release|Any CPU.Build.0 = Release|Any CPU
		{BC911DB2-D3F0-41CA-B8A0-0C9D5FB8F11A}.Debug|Any CPU.ActiveCfg = Debug|Any CPU
		{BC911DB2-D3F0-41CA-B8A0-0C9D5FB8F11A}.Debug|Any CPU.Build.0 = Debug|Any CPU
		{BC911DB2-D3F0-41CA-B8A0-0C9D5FB8F11A}.Release|Any CPU.ActiveCfg = Release|Any CPU
		{BC911DB2-D3F0-41CA-B8A0-0C9D5FB8F11A}.Release|Any CPU.Build.0 = Release|Any CPU
	EndGlobalSection
	GlobalSection(SolutionProperties) = preSolution
		HideSolutionNode = FALSE
	EndGlobalSection
EndGlobal
